
Microsoft Visual Studio Solution File, Format Version 12.00
# Visual Studio Version 17
VisualStudioVersion = 17.12.35707.178
MinimumVisualStudioVersion = 10.0.40219.1
Project("{FAE04EC0-301F-11D3-BF4B-00C04F79EFBC}") = "Obligatorio.LogicaNegocio", "Obligatorio.LogicaNegocio\Obligatorio.LogicaNegocio.csproj", "{BEA1637A-1F5F-4273-B993-63D6B48A0F29}"
EndProject
Project("{FAE04EC0-301F-11D3-BF4B-00C04F79EFBC}") = "Obligatorio.Infraestructura", "Obligatorio.LogicaAccesoDatos\Obligatorio.Infraestructura.csproj", "{9BF37C85-66E3-46E9-B8A5-31E56ACB2DD8}"
EndProject
Project("{FAE04EC0-301F-11D3-BF4B-00C04F79EFBC}") = "Obligatorio.LogicaAplicacion", "Obligatorio.LogicaAplicacion\Obligatorio.LogicaAplicacion.csproj", "{E924D7BB-4A64-41EF-AEF5-1B2FC20EAE4F}"
EndProject
Project("{FAE04EC0-301F-11D3-BF4B-00C04F79EFBC}") = "Obligatorio.CasosDeUsoCompartida", "Obligatorio.CasosDeUsoCompartida\Obligatorio.CasosDeUsoCompartida.csproj", "{BD6256ED-12B0-42FD-AF51-84A32FE7FC37}"
EndProject
Project("{FAE04EC0-301F-11D3-BF4B-00C04F79EFBC}") = "Obligatorio.WebApp", "Obligatorio.WebApp\Obligatorio.WebApp.csproj", "{33D2A4B7-4F63-417F-8F41-B279F951053D}"
EndProject
Project("{FAE04EC0-301F-11D3-BF4B-00C04F79EFBC}") = "Obligatorio.WebAPI", "Obligatorio.WebAPI\Obligatorio.WebAPI.csproj", "{1BFCC4FB-32F9-471E-88B9-5721EC519123}"
EndProject
Global
	GlobalSection(SolutionConfigurationPlatforms) = preSolution
		Debug|Any CPU = Debug|Any CPU
		Release|Any CPU = Release|Any CPU
	EndGlobalSection
	GlobalSection(ProjectConfigurationPlatforms) = postSolution
		{BEA1637A-1F5F-4273-B993-63D6B48A0F29}.Debug|Any CPU.ActiveCfg = Debug|Any CPU
		{BEA1637A-1F5F-4273-B993-63D6B48A0F29}.Debug|Any CPU.Build.0 = Debug|Any CPU
		{BEA1637A-1F5F-4273-B993-63D6B48A0F29}.Release|Any CPU.ActiveCfg = Release|Any CPU
		{BEA1637A-1F5F-4273-B993-63D6B48A0F29}.Release|Any CPU.Build.0 = Release|Any CPU
		{9BF37C85-66E3-46E9-B8A5-31E56ACB2DD8}.Debug|Any CPU.ActiveCfg = Debug|Any CPU
		{9BF37C85-66E3-46E9-B8A5-31E56ACB2DD8}.Debug|Any CPU.Build.0 = Debug|Any CPU
		{9BF37C85-66E3-46E9-B8A5-31E56ACB2DD8}.Release|Any CPU.ActiveCfg = Release|Any CPU
		{9BF37C85-66E3-46E9-B8A5-31E56ACB2DD8}.Release|Any CPU.Build.0 = Release|Any CPU
		{E924D7BB-4A64-41EF-AEF5-1B2FC20EAE4F}.Debug|Any CPU.ActiveCfg = Debug|Any CPU
		{E924D7BB-4A64-41EF-AEF5-1B2FC20EAE4F}.Debug|Any CPU.Build.0 = Debug|Any CPU
		{E924D7BB-4A64-41EF-AEF5-1B2FC20EAE4F}.Release|Any CPU.ActiveCfg = Release|Any CPU
		{E924D7BB-4A64-41EF-AEF5-1B2FC20EAE4F}.Release|Any CPU.Build.0 = Release|Any CPU
		{BD6256ED-12B0-42FD-AF51-84A32FE7FC37}.Debug|Any CPU.ActiveCfg = Debug|Any CPU
		{BD6256ED-12B0-42FD-AF51-84A32FE7FC37}.Debug|Any CPU.Build.0 = Debug|Any CPU
		{BD6256ED-12B0-42FD-AF51-84A32FE7FC37}.Release|Any CPU.ActiveCfg = Release|Any CPU
		{BD6256ED-12B0-42FD-AF51-84A32FE7FC37}.Release|Any CPU.Build.0 = Release|Any CPU
		{33D2A4B7-4F63-417F-8F41-B279F951053D}.Debug|Any CPU.ActiveCfg = Debug|Any CPU
		{33D2A4B7-4F63-417F-8F41-B279F951053D}.Debug|Any CPU.Build.0 = Debug|Any CPU
		{33D2A4B7-4F63-417F-8F41-B279F951053D}.Release|Any CPU.ActiveCfg = Release|Any CPU
		{33D2A4B7-4F63-417F-8F41-B279F951053D}.Release|Any CPU.Build.0 = Release|Any CPU
		{1BFCC4FB-32F9-471E-88B9-5721EC519123}.Debug|Any CPU.ActiveCfg = Debug|Any CPU
		{1BFCC4FB-32F9-471E-88B9-5721EC519123}.Debug|Any CPU.Build.0 = Debug|Any CPU
		{1BFCC4FB-32F9-471E-88B9-5721EC519123}.Release|Any CPU.ActiveCfg = Release|Any CPU
		{1BFCC4FB-32F9-471E-88B9-5721EC519123}.Release|Any CPU.Build.0 = Release|Any CPU
	EndGlobalSection
	GlobalSection(SolutionProperties) = preSolution
		HideSolutionNode = FALSE
	EndGlobalSection
	GlobalSection(ExtensibilityGlobals) = postSolution
		SolutionGuid = {AC64A302-6520-428E-8779-804B1190109D}
	EndGlobalSection
EndGlobal
